
Microsoft Visual Studio Solution File, Format Version 12.00
# Visual Studio Version 16
VisualStudioVersion = 16.0.30907.101
MinimumVisualStudioVersion = 10.0.40219.1
Project("{FAE04EC0-301F-11D3-BF4B-00C04F79EFBC}") = "IS421Homework1", "IS421Homework1\IS421Homework1.csproj", "{D692A864-E9A9-4AAA-8B03-11D4BE6810B8}"
EndProject
Global
	GlobalSection(SolutionConfigurationPlatforms) = preSolution
		Debug|Any CPU = Debug|Any CPU
		Release|Any CPU = Release|Any CPU
	EndGlobalSection
	GlobalSection(ProjectConfigurationPlatforms) = postSolution
		{D692A864-E9A9-4AAA-8B03-11D4BE6810B8}.Debug|Any CPU.ActiveCfg = Debug|Any CPU
		{D692A864-E9A9-4AAA-8B03-11D4BE6810B8}.Debug|Any CPU.Build.0 = Debug|Any CPU
		{D692A864-E9A9-4AAA-8B03-11D4BE6810B8}.Release|Any CPU.ActiveCfg = Release|Any CPU
		{D692A864-E9A9-4AAA-8B03-11D4BE6810B8}.Release|Any CPU.Build.0 = Release|Any CPU
	EndGlobalSection
	GlobalSection(SolutionProperties) = preSolution
		HideSolutionNode = FALSE
	EndGlobalSection
	GlobalSection(ExtensibilityGlobals) = postSolution
		SolutionGuid = {018D9B59-69C0-49F3-92F3-6E6B004DE587}
	EndGlobalSection
EndGlobal
